
Microsoft Visual Studio Solution File, Format Version 12.00
# Visual Studio 2012
Project("{FAE04EC0-301F-11D3-BF4B-00C04F79EFBC}") = "cop2360_Assign3_webberks", "cop2360_Assign3_webberks\cop2360_Assign3_webberks.csproj", "{FB677639-3940-457D-8478-5C03341718ED}"
EndProject
Global
	GlobalSection(SolutionConfigurationPlatforms) = preSolution
		Debug|Any CPU = Debug|Any CPU
		Release|Any CPU = Release|Any CPU
	EndGlobalSection
	GlobalSection(ProjectConfigurationPlatforms) = postSolution
		{FB677639-3940-457D-8478-5C03341718ED}.Debug|Any CPU.ActiveCfg = Debug|Any CPU
		{FB677639-3940-457D-8478-5C03341718ED}.Debug|Any CPU.Build.0 = Debug|Any CPU
		{FB677639-3940-457D-8478-5C03341718ED}.Release|Any CPU.ActiveCfg = Release|Any CPU
		{FB677639-3940-457D-8478-5C03341718ED}.Release|Any CPU.Build.0 = Release|Any CPU
	EndGlobalSection
	GlobalSection(SolutionProperties) = preSolution
		HideSolutionNode = FALSE
	EndGlobalSection
EndGlobal
